
Microsoft Visual Studio Solution File, Format Version 12.00
# Visual Studio Version 17
VisualStudioVersion = 17.1.32414.318
MinimumVisualStudioVersion = 10.0.40219.1
Project("{FAE04EC0-301F-11D3-BF4B-00C04F79EFBC}") = "DIP", "DIP\DIP.csproj", "{F4B9B4B6-94C5-4C23-9E3C-325F761297E9}"
EndProject
Project("{FAE04EC0-301F-11D3-BF4B-00C04F79EFBC}") = "ISP", "ISP\ISP.csproj", "{DCD82BFD-E9A3-44EE-8380-B76270436D3C}"
EndProject
Project("{FAE04EC0-301F-11D3-BF4B-00C04F79EFBC}") = "LSP", "LSP\LSP.csproj", "{C4AE49FA-9ED7-4A74-B9B3-B254ABA990FB}"
EndProject
Project("{FAE04EC0-301F-11D3-BF4B-00C04F79EFBC}") = "SRP", "SRP\SRP.csproj", "{57CA3117-D6BC-47AC-B2F9-8B535D4C3823}"
EndProject
Project("{FAE04EC0-301F-11D3-BF4B-00C04F79EFBC}") = "OCP", "OCP\OCP.csproj", "{0ABABBBD-9424-41EC-A7EE-53F51F6F899C}"
EndProject
Global
	GlobalSection(SolutionConfigurationPlatforms) = preSolution
		Debug|Any CPU = Debug|Any CPU
		Release|Any CPU = Release|Any CPU
	EndGlobalSection
	GlobalSection(ProjectConfigurationPlatforms) = postSolution
		{F4B9B4B6-94C5-4C23-9E3C-325F761297E9}.Debug|Any CPU.ActiveCfg = Debug|Any CPU
		{F4B9B4B6-94C5-4C23-9E3C-325F761297E9}.Debug|Any CPU.Build.0 = Debug|Any CPU
		{F4B9B4B6-94C5-4C23-9E3C-325F761297E9}.Release|Any CPU.ActiveCfg = Release|Any CPU
		{F4B9B4B6-94C5-4C23-9E3C-325F761297E9}.Release|Any CPU.Build.0 = Release|Any CPU
		{DCD82BFD-E9A3-44EE-8380-B76270436D3C}.Debug|Any CPU.ActiveCfg = Debug|Any CPU
		{DCD82BFD-E9A3-44EE-8380-B76270436D3C}.Debug|Any CPU.Build.0 = Debug|Any CPU
		{DCD82BFD-E9A3-44EE-8380-B76270436D3C}.Release|Any CPU.ActiveCfg = Release|Any CPU
		{DCD82BFD-E9A3-44EE-8380-B76270436D3C}.Release|Any CPU.Build.0 = Release|Any CPU
		{C4AE49FA-9ED7-4A74-B9B3-B254ABA990FB}.Debug|Any CPU.ActiveCfg = Debug|Any CPU
		{C4AE49FA-9ED7-4A74-B9B3-B254ABA990FB}.Debug|Any CPU.Build.0 = Debug|Any CPU
		{C4AE49FA-9ED7-4A74-B9B3-B254ABA990FB}.Release|Any CPU.ActiveCfg = Release|Any CPU
		{C4AE49FA-9ED7-4A74-B9B3-B254ABA990FB}.Release|Any CPU.Build.0 = Release|Any CPU
		{57CA3117-D6BC-47AC-B2F9-8B535D4C3823}.Debug|Any CPU.ActiveCfg = Debug|Any CPU
		{57CA3117-D6BC-47AC-B2F9-8B535D4C3823}.Debug|Any CPU.Build.0 = Debug|Any CPU
		{57CA3117-D6BC-47AC-B2F9-8B535D4C3823}.Release|Any CPU.ActiveCfg = Release|Any CPU
		{57CA3117-D6BC-47AC-B2F9-8B535D4C3823}.Release|Any CPU.Build.0 = Release|Any CPU
		{0ABABBBD-9424-41EC-A7EE-53F51F6F899C}.Debug|Any CPU.ActiveCfg = Debug|Any CPU
		{0ABABBBD-9424-41EC-A7EE-53F51F6F899C}.Debug|Any CPU.Build.0 = Debug|Any CPU
		{0ABABBBD-9424-41EC-A7EE-53F51F6F899C}.Release|Any CPU.ActiveCfg = Release|Any CPU
		{0ABABBBD-9424-41EC-A7EE-53F51F6F899C}.Release|Any CPU.Build.0 = Release|Any CPU
	EndGlobalSection
	GlobalSection(SolutionProperties) = preSolution
		HideSolutionNode = FALSE
	EndGlobalSection
	GlobalSection(ExtensibilityGlobals) = postSolution
		SolutionGuid = {CC097894-884E-4EB1-82D6-10BCD6478CC8}
	EndGlobalSection
EndGlobal
